{
    "_meta": {
        "hash": {
            "sha256": "2166771f5a376ed80909d111ee4e006a4cdf126170e9ef947a9c5851005151cf"
        },
        "pipfile-spec": 6,
        "requires": {
            "python_version": "3.11"
        },
        "sources": [
            {
                "name": "pypi",
                "url": "https://pypi.python.org/simple",
                "verify_ssl": true
            }
        ]
    },
    "default": {},
    "develop": {}
}
